
Microsoft Visual Studio Solution File, Format Version 12.00
# Visual Studio Version 17
VisualStudioVersion = 17.7.34031.279
MinimumVisualStudioVersion = 10.0.40219.1
Project("{9A19103F-16F7-4668-BE54-9A1E7A4F7556}") = "Efcore.Notation.Extensions", "Efcore.Notation.Extensions\Efcore.Notation.Extensions.csproj", "{081C17F6-76C6-48E0-8434-F93786C355D9}"
EndProject
Project("{FAE04EC0-301F-11D3-BF4B-00C04F79EFBC}") = "Efcore.Notations.Extensions.Example", "Efcore.Notations.Extensions.Example\Efcore.Notations.Extensions.Example.csproj", "{9E66FF6C-668C-495D-B31E-D8894C82C8C5}"
EndProject
Global
	GlobalSection(SolutionConfigurationPlatforms) = preSolution
		Debug|Any CPU = Debug|Any CPU
		Release|Any CPU = Release|Any CPU
	EndGlobalSection
	GlobalSection(ProjectConfigurationPlatforms) = postSolution
		{081C17F6-76C6-48E0-8434-F93786C355D9}.Debug|Any CPU.ActiveCfg = Debug|Any CPU
		{081C17F6-76C6-48E0-8434-F93786C355D9}.Debug|Any CPU.Build.0 = Debug|Any CPU
		{081C17F6-76C6-48E0-8434-F93786C355D9}.Release|Any CPU.ActiveCfg = Release|Any CPU
		{081C17F6-76C6-48E0-8434-F93786C355D9}.Release|Any CPU.Build.0 = Release|Any CPU
		{9E66FF6C-668C-495D-B31E-D8894C82C8C5}.Debug|Any CPU.ActiveCfg = Debug|Any CPU
		{9E66FF6C-668C-495D-B31E-D8894C82C8C5}.Debug|Any CPU.Build.0 = Debug|Any CPU
		{9E66FF6C-668C-495D-B31E-D8894C82C8C5}.Release|Any CPU.ActiveCfg = Release|Any CPU
		{9E66FF6C-668C-495D-B31E-D8894C82C8C5}.Release|Any CPU.Build.0 = Release|Any CPU
	EndGlobalSection
	GlobalSection(SolutionProperties) = preSolution
		HideSolutionNode = FALSE
	EndGlobalSection
	GlobalSection(ExtensibilityGlobals) = postSolution
		SolutionGuid = {7C9365A3-0AEC-4D0F-B4DA-A414539DFF11}
	EndGlobalSection
EndGlobal
